
Microsoft Visual Studio Solution File, Format Version 12.00
# Visual Studio 15
VisualStudioVersion = 15.0.27130.2010
MinimumVisualStudioVersion = 10.0.40219.1
Project("{FAE04EC0-301F-11D3-BF4B-00C04F79EFBC}") = "SocialNetworksManager", "SocialNetworksManager\SocialNetworksManager.csproj", "{5C81E270-D3D4-4EE6-A270-97CE555256F9}"
EndProject
Project("{FAE04EC0-301F-11D3-BF4B-00C04F79EFBC}") = "SocialNetworksManagerContracts", "SocialNetworkManagerContracts\SocialNetworksManagerContracts.csproj", "{13764BAE-1622-4C17-BE74-80A8578B3D60}"
EndProject
Project("{FAE04EC0-301F-11D3-BF4B-00C04F79EFBC}") = "VKExtension", "VKExtension\VKExtension.csproj", "{BDE04C6D-6CEE-4FAF-96CB-B9DE07B96C57}"
EndProject
Project("{FAE04EC0-301F-11D3-BF4B-00C04F79EFBC}") = "FacebookExtension", "FacebookExtension\FacebookExtension.csproj", "{46D57B90-6F55-4F4C-8B16-15C847A5E1EB}"
EndProject
Project("{FAE04EC0-301F-11D3-BF4B-00C04F79EFBC}") = "Converters", "Converters\Converters.csproj", "{5FFC6752-9526-4A69-83E3-CA7919451108}"
EndProject
Global
	GlobalSection(SolutionConfigurationPlatforms) = preSolution
		Debug|Any CPU = Debug|Any CPU
		Release|Any CPU = Release|Any CPU
	EndGlobalSection
	GlobalSection(ProjectConfigurationPlatforms) = postSolution
		{5C81E270-D3D4-4EE6-A270-97CE555256F9}.Debug|Any CPU.ActiveCfg = Debug|Any CPU
		{5C81E270-D3D4-4EE6-A270-97CE555256F9}.Debug|Any CPU.Build.0 = Debug|Any CPU
		{5C81E270-D3D4-4EE6-A270-97CE555256F9}.Release|Any CPU.ActiveCfg = Release|Any CPU
		{5C81E270-D3D4-4EE6-A270-97CE555256F9}.Release|Any CPU.Build.0 = Release|Any CPU
		{13764BAE-1622-4C17-BE74-80A8578B3D60}.Debug|Any CPU.ActiveCfg = Debug|Any CPU
		{13764BAE-1622-4C17-BE74-80A8578B3D60}.Debug|Any CPU.Build.0 = Debug|Any CPU
		{13764BAE-1622-4C17-BE74-80A8578B3D60}.Release|Any CPU.ActiveCfg = Release|Any CPU
		{13764BAE-1622-4C17-BE74-80A8578B3D60}.Release|Any CPU.Build.0 = Release|Any CPU
		{BDE04C6D-6CEE-4FAF-96CB-B9DE07B96C57}.Debug|Any CPU.ActiveCfg = Debug|Any CPU
		{BDE04C6D-6CEE-4FAF-96CB-B9DE07B96C57}.Debug|Any CPU.Build.0 = Debug|Any CPU
		{BDE04C6D-6CEE-4FAF-96CB-B9DE07B96C57}.Release|Any CPU.ActiveCfg = Release|Any CPU
		{BDE04C6D-6CEE-4FAF-96CB-B9DE07B96C57}.Release|Any CPU.Build.0 = Release|Any CPU
		{46D57B90-6F55-4F4C-8B16-15C847A5E1EB}.Debug|Any CPU.ActiveCfg = Debug|Any CPU
		{46D57B90-6F55-4F4C-8B16-15C847A5E1EB}.Debug|Any CPU.Build.0 = Debug|Any CPU
		{46D57B90-6F55-4F4C-8B16-15C847A5E1EB}.Release|Any CPU.ActiveCfg = Release|Any CPU
		{46D57B90-6F55-4F4C-8B16-15C847A5E1EB}.Release|Any CPU.Build.0 = Release|Any CPU
		{5FFC6752-9526-4A69-83E3-CA7919451108}.Debug|Any CPU.ActiveCfg = Debug|Any CPU
		{5FFC6752-9526-4A69-83E3-CA7919451108}.Debug|Any CPU.Build.0 = Debug|Any CPU
		{5FFC6752-9526-4A69-83E3-CA7919451108}.Release|Any CPU.ActiveCfg = Release|Any CPU
		{5FFC6752-9526-4A69-83E3-CA7919451108}.Release|Any CPU.Build.0 = Release|Any CPU
	EndGlobalSection
	GlobalSection(SolutionProperties) = preSolution
		HideSolutionNode = FALSE
	EndGlobalSection
	GlobalSection(ExtensibilityGlobals) = postSolution
		SolutionGuid = {B8A55B43-69CA-48D0-BC72-9335B357ED43}
	EndGlobalSection
EndGlobal
